
Microsoft Visual Studio Solution File, Format Version 12.00
# Visual Studio Version 18
VisualStudioVersion = 18.3.11520.95
MinimumVisualStudioVersion = 10.0.40219.1
Project("{FAE04EC0-301F-11D3-BF4B-00C04F79EFBC}") = "protocol", "protocol\protocol.csproj", "{5CE469AB-8A05-489C-8BE7-FECDE89C55B6}"
EndProject
Project("{FAE04EC0-301F-11D3-BF4B-00C04F79EFBC}") = "unittest", "unittest\unittest.csproj", "{D951EFC0-CCAD-42A5-ADFC-6E964D333B6D}"
EndProject
Project("{FAE04EC0-301F-11D3-BF4B-00C04F79EFBC}") = "client", "client\client.csproj", "{8BDB5FDC-8CFF-4D7C-8A9D-B76200995F17}"
EndProject
Project("{FAE04EC0-301F-11D3-BF4B-00C04F79EFBC}") = "clientcli", "clientcli\clientcli.csproj", "{BBA2239B-DA01-4816-B661-8A1234EA42A5}"
EndProject
Global
	GlobalSection(SolutionConfigurationPlatforms) = preSolution
		Debug|Any CPU = Debug|Any CPU
		Release|Any CPU = Release|Any CPU
	EndGlobalSection
	GlobalSection(ProjectConfigurationPlatforms) = postSolution
		{5CE469AB-8A05-489C-8BE7-FECDE89C55B6}.Debug|Any CPU.ActiveCfg = Debug|Any CPU
		{5CE469AB-8A05-489C-8BE7-FECDE89C55B6}.Debug|Any CPU.Build.0 = Debug|Any CPU
		{5CE469AB-8A05-489C-8BE7-FECDE89C55B6}.Release|Any CPU.ActiveCfg = Release|Any CPU
		{5CE469AB-8A05-489C-8BE7-FECDE89C55B6}.Release|Any CPU.Build.0 = Release|Any CPU
		{D951EFC0-CCAD-42A5-ADFC-6E964D333B6D}.Debug|Any CPU.ActiveCfg = Debug|Any CPU
		{D951EFC0-CCAD-42A5-ADFC-6E964D333B6D}.Debug|Any CPU.Build.0 = Debug|Any CPU
		{D951EFC0-CCAD-42A5-ADFC-6E964D333B6D}.Release|Any CPU.ActiveCfg = Release|Any CPU
		{D951EFC0-CCAD-42A5-ADFC-6E964D333B6D}.Release|Any CPU.Build.0 = Release|Any CPU
		{8BDB5FDC-8CFF-4D7C-8A9D-B76200995F17}.Debug|Any CPU.ActiveCfg = Debug|Any CPU
		{8BDB5FDC-8CFF-4D7C-8A9D-B76200995F17}.Debug|Any CPU.Build.0 = Debug|Any CPU
		{8BDB5FDC-8CFF-4D7C-8A9D-B76200995F17}.Release|Any CPU.ActiveCfg = Release|Any CPU
		{8BDB5FDC-8CFF-4D7C-8A9D-B76200995F17}.Release|Any CPU.Build.0 = Release|Any CPU
		{BBA2239B-DA01-4816-B661-8A1234EA42A5}.Debug|Any CPU.ActiveCfg = Debug|Any CPU
		{BBA2239B-DA01-4816-B661-8A1234EA42A5}.Debug|Any CPU.Build.0 = Debug|Any CPU
		{BBA2239B-DA01-4816-B661-8A1234EA42A5}.Release|Any CPU.ActiveCfg = Release|Any CPU
		{BBA2239B-DA01-4816-B661-8A1234EA42A5}.Release|Any CPU.Build.0 = Release|Any CPU
	EndGlobalSection
	GlobalSection(SolutionProperties) = preSolution
		HideSolutionNode = FALSE
	EndGlobalSection
	GlobalSection(ExtensibilityGlobals) = postSolution
		SolutionGuid = {C3D9BDDF-FB2D-4522-BD5B-AD1C8C35B2E3}
	EndGlobalSection
EndGlobal
